{
  "name": "medvise-visualtree",
  "lockfileVersion": 3,
  "requires": true,
  "packages": {
    "": {
      "dependencies": {
        "jquery-contextmenu": "^2.9.2",
        "jquery.fancytree": "^2.38.3",
        "select2": "^4.1.0-rc.0"
      }
    },
    "node_modules/jquery": {
      "version": "3.7.1",
      "resolved": "https://registry.npmjs.org/jquery/-/jquery-3.7.1.tgz",
      "integrity": "sha512-m4avr8yL8kmFN8psrbFFFmB/If14iN5o9nw/NgnnM+kybDJpRsAynV2BsfpTYrTRysYUdADVD7CkUUizgkpLfg=="
    },
    "node_modules/jquery-contextmenu": {
      "version": "2.9.2",
      "resolved": "https://registry.npmjs.org/jquery-contextmenu/-/jquery-contextmenu-2.9.2.tgz",
      "integrity": "sha512-6S6sH/08owDStC/7zNwcN366yR0ydX6PmMB0RnjLRQOp7Nc/rqwEHglshfHrrw2kdTev97GXwRXrayDUmToIOw==",
      "dependencies": {
        "jquery": "^3.5.0"
      },
      "peerDependencies": {
        "jquery": ">=1.8.2"
      }
    },
    "node_modules/jquery.fancytree": {
      "version": "2.38.3",
      "resolved": "https://registry.npmjs.org/jquery.fancytree/-/jquery.fancytree-2.38.3.tgz",
      "integrity": "sha512-C3CJcp4sPThy497YBXZNrDSVn/B34sv6kB+toC8gfHrPvJWgYkL3NSMovBxXo6fN6yXUnvWhWaON/ejG3Nsxdg==",
      "peerDependencies": {
        "jquery": ">=1.9"
      }
    },
    "node_modules/select2": {
      "version": "4.1.0-rc.0",
      "resolved": "https://registry.npmjs.org/select2/-/select2-4.1.0-rc.0.tgz",
      "integrity": "sha512-Hr9TdhyHCZUtwznEH2CBf7967mEM0idtJ5nMtjvk3Up5tPukOLXbHUNmh10oRfeNIhj+3GD3niu+g6sVK+gK0A=="
    }
  }
}
